
Microsoft Visual Studio Solution File, Format Version 12.00
# Visual Studio Version 16
VisualStudioVersion = 16.0.30320.27
MinimumVisualStudioVersion = 10.0.40219.1
Project("{FAE04EC0-301F-11D3-BF4B-00C04F79EFBC}") = "ejercio_2", "ejercio_2\ejercio_2.csproj", "{623D3C59-6452-438A-9120-5E85D966A546}"
EndProject
Global
	GlobalSection(SolutionConfigurationPlatforms) = preSolution
		Debug|Any CPU = Debug|Any CPU
		Release|Any CPU = Release|Any CPU
	EndGlobalSection
	GlobalSection(ProjectConfigurationPlatforms) = postSolution
		{623D3C59-6452-438A-9120-5E85D966A546}.Debug|Any CPU.ActiveCfg = Debug|Any CPU
		{623D3C59-6452-438A-9120-5E85D966A546}.Debug|Any CPU.Build.0 = Debug|Any CPU
		{623D3C59-6452-438A-9120-5E85D966A546}.Release|Any CPU.ActiveCfg = Release|Any CPU
		{623D3C59-6452-438A-9120-5E85D966A546}.Release|Any CPU.Build.0 = Release|Any CPU
	EndGlobalSection
	GlobalSection(SolutionProperties) = preSolution
		HideSolutionNode = FALSE
	EndGlobalSection
	GlobalSection(ExtensibilityGlobals) = postSolution
		SolutionGuid = {8473976F-DEA2-4FF5-A538-ED9BACA17200}
	EndGlobalSection
EndGlobal
