
Microsoft Visual Studio Solution File, Format Version 12.00
# Visual Studio Version 16
VisualStudioVersion = 16.0.30320.27
MinimumVisualStudioVersion = 10.0.40219.1
Project("{FAE04EC0-301F-11D3-BF4B-00C04F79EFBC}") = "ejercio_4", "ejercio_4\ejercio_4.csproj", "{5C8FCC7B-D649-4255-8633-DD2DB588CAB7}"
EndProject
Global
	GlobalSection(SolutionConfigurationPlatforms) = preSolution
		Debug|Any CPU = Debug|Any CPU
		Release|Any CPU = Release|Any CPU
	EndGlobalSection
	GlobalSection(ProjectConfigurationPlatforms) = postSolution
		{5C8FCC7B-D649-4255-8633-DD2DB588CAB7}.Debug|Any CPU.ActiveCfg = Debug|Any CPU
		{5C8FCC7B-D649-4255-8633-DD2DB588CAB7}.Debug|Any CPU.Build.0 = Debug|Any CPU
		{5C8FCC7B-D649-4255-8633-DD2DB588CAB7}.Release|Any CPU.ActiveCfg = Release|Any CPU
		{5C8FCC7B-D649-4255-8633-DD2DB588CAB7}.Release|Any CPU.Build.0 = Release|Any CPU
	EndGlobalSection
	GlobalSection(SolutionProperties) = preSolution
		HideSolutionNode = FALSE
	EndGlobalSection
	GlobalSection(ExtensibilityGlobals) = postSolution
		SolutionGuid = {48774C27-2EAB-4F5D-AC76-DF68D3EE26F4}
	EndGlobalSection
EndGlobal
