
Microsoft Visual Studio Solution File, Format Version 12.00
# Visual Studio Version 16
VisualStudioVersion = 16.0.30320.27
MinimumVisualStudioVersion = 10.0.40219.1
Project("{FAE04EC0-301F-11D3-BF4B-00C04F79EFBC}") = "ejercio_3", "ejercio_3\ejercio_3.csproj", "{A213C687-20EE-43E1-99CB-E8ABB41F83BB}"
EndProject
Global
	GlobalSection(SolutionConfigurationPlatforms) = preSolution
		Debug|Any CPU = Debug|Any CPU
		Release|Any CPU = Release|Any CPU
	EndGlobalSection
	GlobalSection(ProjectConfigurationPlatforms) = postSolution
		{A213C687-20EE-43E1-99CB-E8ABB41F83BB}.Debug|Any CPU.ActiveCfg = Debug|Any CPU
		{A213C687-20EE-43E1-99CB-E8ABB41F83BB}.Debug|Any CPU.Build.0 = Debug|Any CPU
		{A213C687-20EE-43E1-99CB-E8ABB41F83BB}.Release|Any CPU.ActiveCfg = Release|Any CPU
		{A213C687-20EE-43E1-99CB-E8ABB41F83BB}.Release|Any CPU.Build.0 = Release|Any CPU
	EndGlobalSection
	GlobalSection(SolutionProperties) = preSolution
		HideSolutionNode = FALSE
	EndGlobalSection
	GlobalSection(ExtensibilityGlobals) = postSolution
		SolutionGuid = {D597BB9D-810B-42F9-8F15-9B97662DF5A4}
	EndGlobalSection
EndGlobal
